<Solution>
  <Folder Name="/Solution Items/">
    <File Path="Directory.Packages.props" />
  </Folder>
  <Folder Name="/src/">
    <Project Path="src/FitnessTracking.Api/FitnessTracking.Api.csproj" />
    <Project Path="src/FitnessTracking.Web/FitnessTracking.Web.csproj" Id="42e34512-7154-4d4e-8d2a-5c4ea4621f2f" />
  </Folder>
  <Folder Name="/src/API/" />
  <Folder Name="/src/BuildingBlocks/">
    <Project Path="src/BuildingBlocks/BuildingBlocks.Application/BuildingBlocks.Application.csproj" Id="805cf114-4dee-4c62-b274-cde5b0e37f01" />
    <Project Path="src/BuildingBlocks/BuildingBlocks.Domain/BuildingBlocks.Domain.csproj" Id="222b1b92-e434-4e3c-aa0b-426dc498c817" />
    <Project Path="src/BuildingBlocks/BuildingBlocks.Infrastructure/BuildingBlocks.Infrastructure.csproj" Id="a4087247-16bd-4a0c-b073-ed8f50e25d85" />
    <Project Path="src/BuildingBlocks/BuildingBlocks.Web/BuildingBlocks.Web.csproj" Id="bc9450dc-6e54-41cc-9eaa-e17c22b205b1" />
  </Folder>
  <Folder Name="/src/Modules/" />
  <Folder Name="/src/Modules/Exercises/">
    <Project Path="src/Modules/Exercises/Exercises.Api/Exercises.Api.csproj" Id="4fcaf71c-8ea9-4066-8e7e-abc3cd3015dc" />
    <Project Path="src/Modules/Exercises/Exercises.Application/Exercises.Application.csproj" Id="0f2a11f8-ea4c-487c-a717-ae5512ddc141" />
    <Project Path="src/Modules/Exercises/Exercises.Contracts/Exercises.Contracts.csproj" />
    <Project Path="src/Modules/Exercises/Exercises.Domain/Exercises.Domain.csproj" Id="e41c4981-50e3-4141-952f-2570d03ce65f" />
    <Project Path="src/Modules/Exercises/Exercises.Infrastructure/Exercises.Infrastructure.csproj" Id="afa571e3-8775-4699-a05e-d9fc4c6cb1de" />
  </Folder>
  <Folder Name="/src/Modules/WorkoutPrograms/">
    <Project Path="src/Modules/WorkoutPrograms/WorkoutPrograms.Api/WorkoutPrograms.Api.csproj" Id="5c9158b3-acaf-4086-acc1-49d9dae262c9" />
    <Project Path="src/Modules/WorkoutPrograms/WorkoutPrograms.Application/WorkoutPrograms.Application.csproj" Id="4ee012ce-60b3-40a8-bca3-de22b8c1eb0b" />
    <Project Path="src/Modules/WorkoutPrograms/WorkoutPrograms.Contracts/WorkoutPrograms.Contracts.csproj" />
    <Project Path="src/Modules/WorkoutPrograms/WorkoutPrograms.Domain/WorkoutPrograms.Domain.csproj" Id="96ba4f1e-b99e-4822-9c37-9a4b9f120c16" />
    <Project Path="src/Modules/WorkoutPrograms/WorkoutPrograms.Infrastructure/WorkoutPrograms.Infrastructure.csproj" Id="5192dad9-7273-4673-8f15-54a4994e1485" />
  </Folder>
  <Folder Name="/src/Modules/WorkoutSessions/">
    <Project Path="src/Modules/WorkoutSessions/WorkoutSessions.Api/WorkoutSessions.Api.csproj" Id="0bcbc503-c01d-4852-ab3d-bd863c4d0a44" />
    <Project Path="src/Modules/WorkoutSessions/WorkoutSessions.Application/WorkoutSessions.Application.csproj" Id="57037d0d-d701-4e6a-9291-dabfa93e6b17" />
    <Project Path="src/Modules/WorkoutSessions/WorkoutSessions.Domain/WorkoutSessions.Domain.csproj" Id="54a1f2aa-a3ba-4e66-a908-3b9097eda966" />
    <Project Path="src/Modules/WorkoutSessions/WorkoutSessions.Infrastructure/WorkoutSessions.Infrastructure.csproj" Id="862ff880-dc9d-43b2-8491-947b1b3df9e8" />
  </Folder>
</Solution>
